// !$*UTF8*$!
{
	archiveVersion = 1;
	classes = {
	};
	objectVersion = 46;
	objects = {

/* Begin PBXBuildFile section */
		D872CE8D1E38046E001F3375 /* AppDelegate.swift in Sources */ = {isa = PBXBuildFile; fileRef = D872CE8C1E38046E001F3375 /* AppDelegate.swift */; };
		D872CE8F1E38046E001F3375 /* ViewController.swift in Sources */ = {isa = PBXBuildFile; fileRef = D872CE8E1E38046E001F3375 /* ViewController.swift */; };
		D872CE921E38046E001F3375 /* Main.storyboard in Resources */ = {isa = PBXBuildFile; fileRef = D872CE901E38046E001F3375 /* Main.storyboard */; };
		D872CE941E38046E001F3375 /* Assets.xcassets in Resources */ = {isa = PBXBuildFile; fileRef = D872CE931E38046E001F3375 /* Assets.xcassets */; };
		D872CE971E38046E001F3375 /* LaunchScreen.storyboard in Resources */ = {isa = PBXBuildFile; fileRef = D872CE951E38046E001F3375 /* LaunchScreen.storyboard */; };
		D872CE9F1E380480001F3375 /* CirclesView.swift in Sources */ = {isa = PBXBuildFile; fileRef = D872CE9E1E380480001F3375 /* CirclesView.swift */; };
/* End PBXBuildFile section */

/* Begin PBXFileReference section */
		D872CE891E38046E001F3375 /* CirclesThingForJake.app */ = {isa = PBXFileReference; explicitFileType = wrapper.application; includeInIndex = 0; path = CirclesThingForJake.app; sourceTree = BUILT_PRODUCTS_DIR; };
		D872CE8C1E38046E001F3375 /* AppDelegate.swift */ = {isa = PBXFileReference; lastKnownFileType = sourcecode.swift; path = AppDelegate.swift; sourceTree = "<group>"; };
		D872CE8E1E38046E001F3375 /* ViewController.swift */ = {isa = PBXFileReference; lastKnownFileType = sourcecode.swift; path = ViewController.swift; sourceTree = "<group>"; };
		D872CE911E38046E001F3375 /* Base */ = {isa = PBXFileReference; lastKnownFileType = file.storyboard; name = Base; path = Base.lproj/Main.storyboard; sourceTree = "<group>"; };
		D872CE931E38046E001F3375 /* Assets.xcassets */ = {isa = PBXFileReference; lastKnownFileType = folder.assetcatalog; path = Assets.xcassets; sourceTree = "<group>"; };
		D872CE961E38046E001F3375 /* Base */ = {isa = PBXFileReference; lastKnownFileType = file.storyboard; name = Base; path = Base.lproj/LaunchScreen.storyboard; sourceTree = "<group>"; };
		D872CE981E38046E001F3375 /* Info.plist */ = {isa = PBXFileReference; lastKnownFileType = text.plist.xml; path = Info.plist; sourceTree = "<group>"; };
		D872CE9E1E380480001F3375 /* CirclesView.swift */ = {isa = PBXFileReference; fileEncoding = 4; lastKnownFileType = sourcecode.swift; name = CirclesView.swift; path = ../CirclesView.swift; sourceTree = "<group>"; };
/* End PBXFileReference section */

/* Begin PBXFrameworksBuildPhase section */
		D872CE861E38046E001F3375 /* Frameworks */ = {
			isa = PBXFrameworksBuildPhase;
			buildActionMask = 2147483647;
			files = (
			);
			runOnlyForDeploymentPostprocessing = 0;
		};
/* End PBXFrameworksBuildPhase section */

/* Begin PBXGroup section */
		D872CE801E38046E001F3375 = {
			isa = PBXGroup;
			children = (
				D872CE8B1E38046E001F3375 /* CirclesThingForJake */,
				D872CE8A1E38046E001F3375 /* Products */,
			);
			sourceTree = "<group>";
		};
		D872CE8A1E38046E001F3375 /* Products */ = {
			isa = PBXGroup;
			children = (
				D872CE891E38046E001F3375 /* CirclesThingForJake.app */,
			);
			name = Products;
			sourceTree = "<group>";
		};
		D872CE8B1E38046E001F3375 /* CirclesThingForJake */ = {
			isa = PBXGroup;
			children = (
				D872CE8C1E38046E001F3375 /* AppDelegate.swift */,
				D872CE8E1E38046E001F3375 /* ViewController.swift */,
				D872CE9E1E380480001F3375 /* CirclesView.swift */,
				D872CE901E38046E001F3375 /* Main.storyboard */,
				D872CE931E38046E001F3375 /* Assets.xcassets */,
				D872CE951E38046E001F3375 /* LaunchScreen.storyboard */,
				D872CE981E38046E001F3375 /* Info.plist */,
			);
			path = CirclesThingForJake;
			sourceTree = "<group>";
		};
/* End PBXGroup section */

/* Begin PBXNativeTarget section */
		D872CE881E38046E001F3375 /* CirclesThingForJake */ = {
			isa = PBXNativeTarget;
			buildConfigurationList = D872CE9B1E38046E001F3375 /* Build configuration list for PBXNativeTarget "CirclesThingForJake" */;
			buildPhases = (
				D872CE851E38046E001F3375 /* Sources */,
				D872CE861E38046E001F3375 /* Frameworks */,
				D872CE871E38046E001F3375 /* Resources */,
			);
			buildRules = (
			);
			dependencies = (
			);
			name = CirclesThingForJake;
			productName = CirclesThingForJake;
			productReference = D872CE891E38046E001F3375 /* CirclesThingForJake.app */;
			productType = "com.apple.product-type.application";
		};
/* End PBXNativeTarget section */

/* Begin PBXProject section */
		D872CE811E38046E001F3375 /* Project object */ = {
			isa = PBXProject;
			attributes = {
				LastSwiftUpdateCheck = 0820;
				LastUpgradeCheck = 0820;
				ORGANIZATIONNAME = "Mitchell Hudson";
				TargetAttributes = {
					D872CE881E38046E001F3375 = {
						CreatedOnToolsVersion = 8.2.1;
						DevelopmentTeam = 753UQ7TNXJ;
						ProvisioningStyle = Automatic;
					};
				};
			};
			buildConfigurationList = D872CE841E38046E001F3375 /* Build configuration list for PBXProject "CirclesThingForJake" */;
			compatibilityVersion = "Xcode 3.2";
			developmentRegion = English;
			hasScannedForEncodings = 0;
			knownRegions = (
				en,
				Base,
			);
			mainGroup = D872CE801E38046E001F3375;
			productRefGroup = D872CE8A1E38046E001F3375 /* Products */;
			projectDirPath = "";
			projectRoot = "";
			targets = (
				D872CE881E38046E001F3375 /* CirclesThingForJake */,
			);
		};
/* End PBXProject section */

/* Begin PBXResourcesBuildPhase section */
		D872CE871E38046E001F3375 /* Resources */ = {
			isa = PBXResourcesBuildPhase;
			buildActionMask = 2147483647;
			files = (
				D872CE971E38046E001F3375 /* LaunchScreen.storyboard in Resources */,
				D872CE941E38046E001F3375 /* Assets.xcassets in Resources */,
				D872CE921E38046E001F3375 /* Main.storyboard in Resources */,
			);
			runOnlyForDeploymentPostprocessing = 0;
		};
/* End PBXResourcesBuildPhase section */

/* Begin PBXSourcesBuildPhase section */
		D872CE851E38046E001F3375 /* Sources */ = {
			isa = PBXSourcesBuildPhase;
			buildActionMask = 2147483647;
			files = (
				D872CE8F1E38046E001F3375 /* ViewController.swift in Sources */,
				D872CE8D1E38046E001F3375 /* AppDelegate.swift in Sources */,
				D872CE9F1E380480001F3375 /* CirclesView.swift in Sources */,
			);
			runOnlyForDeploymentPostprocessing = 0;
		};
/* End PBXSourcesBuildPhase section */

/* Begin PBXVariantGroup section */
		D872CE901E38046E001F3375 /* Main.storyboard */ = {
			isa = PBXVariantGroup;
			children = (
				D872CE911E38046E001F3375 /* Base */,
			);
			name = Main.storyboard;
			sourceTree = "<group>";
		};
		D872CE951E38046E001F3375 /* LaunchScreen.storyboard */ = {
			isa = PBXVariantGroup;
			children = (
				D872CE961E38046E001F3375 /* Base */,
			);
			name = LaunchScreen.storyboard;
			sourceTree = "<group>";
		};
/* End PBXVariantGroup section */

/* Begin XCBuildConfiguration section */
		D872CE991E38046E001F3375 /* Debug */ = {
			isa = XCBuildConfiguration;
			buildSettings = {
				ALWAYS_SEARCH_USER_PATHS = NO;
				CLANG_ANALYZER_NONNULL = YES;
				CLANG_CXX_LANGUAGE_STANDARD = "gnu++0x";
				CLANG_CXX_LIBRARY = "libc++";
				CLANG_ENABLE_MODULES = YES;
				CLANG_ENABLE_OBJC_ARC = YES;
				CLANG_WARN_BOOL_CONVERSION = YES;
				CLANG_WARN_CONSTANT_CONVERSION = YES;
				CLANG_WARN_DIRECT_OBJC_ISA_USAGE = YES_ERROR;
				CLANG_WARN_DOCUMENTATION_COMMENTS = YES;
				CLANG_WARN_EMPTY_BODY = YES;
				CLANG_WARN_ENUM_CONVERSION = YES;
				CLANG_WARN_INFINITE_RECURSION = YES;
				CLANG_WARN_INT_CONVERSION = YES;
				CLANG_WARN_OBJC_ROOT_CLASS = YES_ERROR;
				CLANG_WARN_SUSPICIOUS_MOVE = YES;
				CLANG_WARN_UNREACHABLE_CODE = YES;
				CLANG_WARN__DUPLICATE_METHOD_MATCH = YES;
				"CODE_SIGN_IDENTITY[sdk=iphoneos*]" = "iPhone Developer";
				COPY_PHASE_STRIP = NO;
				DEBUG_INFORMATION_FORMAT = dwarf;
				ENABLE_STRICT_OBJC_MSGSEND = YES;
				ENABLE_TESTABILITY = YES;
				GCC_C_LANGUAGE_STANDARD = gnu99;
				GCC_DYNAMIC_NO_PIC = NO;
				GCC_NO_COMMON_BLOCKS = YES;
				GCC_OPTIMIZATION_LEVEL = 0;
				GCC_PREPROCESSOR_DEFINITIONS = (
					"DEBUG=1",
					"$(inherited)",
				);
				GCC_WARN_64_TO_32_BIT_CONVERSION = YES;
				GCC_WARN_ABOUT_RETURN_TYPE = YES_ERROR;
				GCC_WARN_UNDECLARED_SELECTOR = YES;
				GCC_WARN_UNINITIALIZED_AUTOS = YES_AGGRESSIVE;
				GCC_WARN_UNUSED_FUNCTION = YES;
				GCC_WARN_UNUSED_VARIABLE = YES;
				IPHONEOS_DEPLOYMENT_TARGET = 10.2;
				MTL_ENABLE_DEBUG_INFO = YES;
				ONLY_ACTIVE_ARCH = YES;
				SDKROOT = iphoneos;
				SWIFT_ACTIVE_COMPILATION_CONDITIONS = DEBUG;
				SWIFT_OPTIMIZATION_LEVEL = "-Onone";
			};
			name = Debug;
		};
		D872CE9A1E38046E001F3375 /* Release */ = {
			isa = XCBuildConfiguration;
			buildSettings = {
				ALWAYS_SEARCH_USER_PATHS = NO;
				CLANG_ANALYZER_NONNULL = YES;
				CLANG_CXX_LANGUAGE_STANDARD = "gnu++0x";
				CLANG_CXX_LIBRARY = "libc++";
				CLANG_ENABLE_MODULES = YES;
				CLANG_ENABLE_OBJC_ARC = YES;
				CLANG_WARN_BOOL_CONVERSION = YES;
				CLANG_WARN_CONSTANT_CONVERSION = YES;
				CLANG_WARN_DIRECT_OBJC_ISA_USAGE = YES_ERROR;
				CLANG_WARN_DOCUMENTATION_COMMENTS = YES;
				CLANG_WARN_EMPTY_BODY = YES;
				CLANG_WARN_ENUM_CONVERSION = YES;
				CLANG_WARN_INFINITE_RECURSION = YES;
				CLANG_WARN_INT_CONVERSION = YES;
				CLANG_WARN_OBJC_ROOT_CLASS = YES_ERROR;
				CLANG_WARN_SUSPICIOUS_MOVE = YES;
				CLANG_WARN_UNREACHABLE_CODE = YES;
				CLANG_WARN__DUPLICATE_METHOD_MATCH = YES;
				"CODE_SIGN_IDENTITY[sdk=iphoneos*]" = "iPhone Developer";
				COPY_PHASE_STRIP = NO;
				DEBUG_INFORMATION_FORMAT = "dwarf-with-dsym";
				ENABLE_NS_ASSERTIONS = NO;
				ENABLE_STRICT_OBJC_MSGSEND = YES;
				GCC_C_LANGUAGE_STANDARD = gnu99;
				GCC_NO_COMMON_BLOCKS = YES;
				GCC_WARN_64_TO_32_BIT_CONVERSION = YES;
				GCC_WARN_ABOUT_RETURN_TYPE = YES_ERROR;
				GCC_WARN_UNDECLARED_SELECTOR = YES;
				GCC_WARN_UNINITIALIZED_AUTOS = YES_AGGRESSIVE;
				GCC_WARN_UNUSED_FUNCTION = YES;
				GCC_WARN_UNUSED_VARIABLE = YES;
				IPHONEOS_DEPLOYMENT_TARGET = 10.2;
				MTL_ENABLE_DEBUG_INFO = NO;
				SDKROOT = iphoneos;
				SWIFT_OPTIMIZATION_LEVEL = "-Owholemodule";
				VALIDATE_PRODUCT = YES;
			};
			name = Release;
		};
		D872CE9C1E38046E001F3375 /* Debug */ = {
			isa = XCBuildConfiguration;
			buildSettings = {
				ASSETCATALOG_COMPILER_APPICON_NAME = AppIcon;
				DEVELOPMENT_TEAM = 753UQ7TNXJ;
				INFOPLIST_FILE = CirclesThingForJake/Info.plist;
				LD_RUNPATH_SEARCH_PATHS = "$(inherited) @executable_path/Frameworks";
				PRODUCT_BUNDLE_IDENTIFIER = com.makeschool.CirclesThingForJake;
				PRODUCT_NAME = "$(TARGET_NAME)";
				SWIFT_VERSION = 3.0;
			};
			name = Debug;
		};
		D872CE9D1E38046E001F3375 /* Release */ = {
			isa = XCBuildConfiguration;
			buildSettings = {
				ASSETCATALOG_COMPILER_APPICON_NAME = AppIcon;
				DEVELOPMENT_TEAM = 753UQ7TNXJ;
				INFOPLIST_FILE = CirclesThingForJake/Info.plist;
				LD_RUNPATH_SEARCH_PATHS = "$(inherited) @executable_path/Frameworks";
				PRODUCT_BUNDLE_IDENTIFIER = com.makeschool.CirclesThingForJake;
				PRODUCT_NAME = "$(TARGET_NAME)";
				SWIFT_VERSION = 3.0;
			};
			name = Release;
		};
/* End XCBuildConfiguration section */

/* Begin XCConfigurationList section */
		D872CE841E38046E001F3375 /* Build configuration list for PBXProject "CirclesThingForJake" */ = {
			isa = XCConfigurationList;
			buildConfigurations = (
				D872CE991E38046E001F3375 /* Debug */,
				D872CE9A1E38046E001F3375 /* Release */,
			);
			defaultConfigurationIsVisible = 0;
			defaultConfigurationName = Release;
		};
		D872CE9B1E38046E001F3375 /* Build configuration list for PBXNativeTarget "CirclesThingForJake" */ = {
			isa = XCConfigurationList;
			buildConfigurations = (
				D872CE9C1E38046E001F3375 /* Debug */,
				D872CE9D1E38046E001F3375 /* Release */,
			);
			defaultConfigurationIsVisible = 0;
		};
/* End XCConfigurationList section */
	};
	rootObject = D872CE811E38046E001F3375 /* Project object */;
}
