// !$*UTF8*$!
{
	archiveVersion = 1;
	classes = {
	};
	objectVersion = 46;
	objects = {

/* Begin PBXBuildFile section */
		D80D629A1E43E5C100BC30F6 /* AppDelegate.swift in Sources */ = {isa = PBXBuildFile; fileRef = D80D62991E43E5C100BC30F6 /* AppDelegate.swift */; };
		D80D629C1E43E5C100BC30F6 /* ViewController.swift in Sources */ = {isa = PBXBuildFile; fileRef = D80D629B1E43E5C100BC30F6 /* ViewController.swift */; };
		D80D629F1E43E5C100BC30F6 /* Main.storyboard in Resources */ = {isa = PBXBuildFile; fileRef = D80D629D1E43E5C100BC30F6 /* Main.storyboard */; };
		D80D62A11E43E5C100BC30F6 /* Assets.xcassets in Resources */ = {isa = PBXBuildFile; fileRef = D80D62A01E43E5C100BC30F6 /* Assets.xcassets */; };
		D80D62A41E43E5C100BC30F6 /* LaunchScreen.storyboard in Resources */ = {isa = PBXBuildFile; fileRef = D80D62A21E43E5C100BC30F6 /* LaunchScreen.storyboard */; };
		D80D62AC1E43E5DD00BC30F6 /* CirclePath.swift in Sources */ = {isa = PBXBuildFile; fileRef = D80D62AB1E43E5DD00BC30F6 /* CirclePath.swift */; };
		D80D62AE1E43E81400BC30F6 /* Circles.swift in Sources */ = {isa = PBXBuildFile; fileRef = D80D62AD1E43E81400BC30F6 /* Circles.swift */; };
		D80D62B21E43F7D200BC30F6 /* DrawCircle.swift in Sources */ = {isa = PBXBuildFile; fileRef = D80D62B11E43F7D200BC30F6 /* DrawCircle.swift */; };
		D80D62B41E44010F00BC30F6 /* Centipede.swift in Sources */ = {isa = PBXBuildFile; fileRef = D80D62B31E44010F00BC30F6 /* Centipede.swift */; };
		D861915F1E4441EC00A7A82B /* ButtonLoader.swift in Sources */ = {isa = PBXBuildFile; fileRef = D861915E1E4441EC00A7A82B /* ButtonLoader.swift */; };
/* End PBXBuildFile section */

/* Begin PBXFileReference section */
		D80D62961E43E5C100BC30F6 /* UIBezierPath.app */ = {isa = PBXFileReference; explicitFileType = wrapper.application; includeInIndex = 0; path = UIBezierPath.app; sourceTree = BUILT_PRODUCTS_DIR; };
		D80D62991E43E5C100BC30F6 /* AppDelegate.swift */ = {isa = PBXFileReference; lastKnownFileType = sourcecode.swift; path = AppDelegate.swift; sourceTree = "<group>"; };
		D80D629B1E43E5C100BC30F6 /* ViewController.swift */ = {isa = PBXFileReference; lastKnownFileType = sourcecode.swift; path = ViewController.swift; sourceTree = "<group>"; };
		D80D629E1E43E5C100BC30F6 /* Base */ = {isa = PBXFileReference; lastKnownFileType = file.storyboard; name = Base; path = Base.lproj/Main.storyboard; sourceTree = "<group>"; };
		D80D62A01E43E5C100BC30F6 /* Assets.xcassets */ = {isa = PBXFileReference; lastKnownFileType = folder.assetcatalog; path = Assets.xcassets; sourceTree = "<group>"; };
		D80D62A31E43E5C100BC30F6 /* Base */ = {isa = PBXFileReference; lastKnownFileType = file.storyboard; name = Base; path = Base.lproj/LaunchScreen.storyboard; sourceTree = "<group>"; };
		D80D62A51E43E5C100BC30F6 /* Info.plist */ = {isa = PBXFileReference; lastKnownFileType = text.plist.xml; path = Info.plist; sourceTree = "<group>"; };
		D80D62AB1E43E5DD00BC30F6 /* CirclePath.swift */ = {isa = PBXFileReference; fileEncoding = 4; lastKnownFileType = sourcecode.swift; path = CirclePath.swift; sourceTree = "<group>"; };
		D80D62AD1E43E81400BC30F6 /* Circles.swift */ = {isa = PBXFileReference; fileEncoding = 4; lastKnownFileType = sourcecode.swift; path = Circles.swift; sourceTree = "<group>"; };
		D80D62B11E43F7D200BC30F6 /* DrawCircle.swift */ = {isa = PBXFileReference; fileEncoding = 4; lastKnownFileType = sourcecode.swift; path = DrawCircle.swift; sourceTree = "<group>"; };
		D80D62B31E44010F00BC30F6 /* Centipede.swift */ = {isa = PBXFileReference; fileEncoding = 4; lastKnownFileType = sourcecode.swift; path = Centipede.swift; sourceTree = "<group>"; };
		D861915E1E4441EC00A7A82B /* ButtonLoader.swift */ = {isa = PBXFileReference; fileEncoding = 4; lastKnownFileType = sourcecode.swift; path = ButtonLoader.swift; sourceTree = "<group>"; };
/* End PBXFileReference section */

/* Begin PBXFrameworksBuildPhase section */
		D80D62931E43E5C100BC30F6 /* Frameworks */ = {
			isa = PBXFrameworksBuildPhase;
			buildActionMask = 2147483647;
			files = (
			);
			runOnlyForDeploymentPostprocessing = 0;
		};
/* End PBXFrameworksBuildPhase section */

/* Begin PBXGroup section */
		D80D628D1E43E5C000BC30F6 = {
			isa = PBXGroup;
			children = (
				D80D62981E43E5C100BC30F6 /* UIBezierPath */,
				D80D62971E43E5C100BC30F6 /* Products */,
			);
			sourceTree = "<group>";
		};
		D80D62971E43E5C100BC30F6 /* Products */ = {
			isa = PBXGroup;
			children = (
				D80D62961E43E5C100BC30F6 /* UIBezierPath.app */,
			);
			name = Products;
			sourceTree = "<group>";
		};
		D80D62981E43E5C100BC30F6 /* UIBezierPath */ = {
			isa = PBXGroup;
			children = (
				D80D62991E43E5C100BC30F6 /* AppDelegate.swift */,
				D80D629B1E43E5C100BC30F6 /* ViewController.swift */,
				D80D62AB1E43E5DD00BC30F6 /* CirclePath.swift */,
				D80D62AD1E43E81400BC30F6 /* Circles.swift */,
				D80D62B11E43F7D200BC30F6 /* DrawCircle.swift */,
				D80D62B31E44010F00BC30F6 /* Centipede.swift */,
				D861915E1E4441EC00A7A82B /* ButtonLoader.swift */,
				D80D629D1E43E5C100BC30F6 /* Main.storyboard */,
				D80D62A01E43E5C100BC30F6 /* Assets.xcassets */,
				D80D62A21E43E5C100BC30F6 /* LaunchScreen.storyboard */,
				D80D62A51E43E5C100BC30F6 /* Info.plist */,
			);
			path = UIBezierPath;
			sourceTree = "<group>";
		};
/* End PBXGroup section */

/* Begin PBXNativeTarget section */
		D80D62951E43E5C100BC30F6 /* UIBezierPath */ = {
			isa = PBXNativeTarget;
			buildConfigurationList = D80D62A81E43E5C100BC30F6 /* Build configuration list for PBXNativeTarget "UIBezierPath" */;
			buildPhases = (
				D80D62921E43E5C100BC30F6 /* Sources */,
				D80D62931E43E5C100BC30F6 /* Frameworks */,
				D80D62941E43E5C100BC30F6 /* Resources */,
			);
			buildRules = (
			);
			dependencies = (
			);
			name = UIBezierPath;
			productName = UIBezierPath;
			productReference = D80D62961E43E5C100BC30F6 /* UIBezierPath.app */;
			productType = "com.apple.product-type.application";
		};
/* End PBXNativeTarget section */

/* Begin PBXProject section */
		D80D628E1E43E5C000BC30F6 /* Project object */ = {
			isa = PBXProject;
			attributes = {
				LastSwiftUpdateCheck = 0820;
				LastUpgradeCheck = 0820;
				ORGANIZATIONNAME = "Mitchell Hudson";
				TargetAttributes = {
					D80D62951E43E5C100BC30F6 = {
						CreatedOnToolsVersion = 8.2.1;
						DevelopmentTeam = 753UQ7TNXJ;
						ProvisioningStyle = Automatic;
					};
				};
			};
			buildConfigurationList = D80D62911E43E5C000BC30F6 /* Build configuration list for PBXProject "UIBezierPath" */;
			compatibilityVersion = "Xcode 3.2";
			developmentRegion = English;
			hasScannedForEncodings = 0;
			knownRegions = (
				en,
				Base,
			);
			mainGroup = D80D628D1E43E5C000BC30F6;
			productRefGroup = D80D62971E43E5C100BC30F6 /* Products */;
			projectDirPath = "";
			projectRoot = "";
			targets = (
				D80D62951E43E5C100BC30F6 /* UIBezierPath */,
			);
		};
/* End PBXProject section */

/* Begin PBXResourcesBuildPhase section */
		D80D62941E43E5C100BC30F6 /* Resources */ = {
			isa = PBXResourcesBuildPhase;
			buildActionMask = 2147483647;
			files = (
				D80D62A41E43E5C100BC30F6 /* LaunchScreen.storyboard in Resources */,
				D80D62A11E43E5C100BC30F6 /* Assets.xcassets in Resources */,
				D80D629F1E43E5C100BC30F6 /* Main.storyboard in Resources */,
			);
			runOnlyForDeploymentPostprocessing = 0;
		};
/* End PBXResourcesBuildPhase section */

/* Begin PBXSourcesBuildPhase section */
		D80D62921E43E5C100BC30F6 /* Sources */ = {
			isa = PBXSourcesBuildPhase;
			buildActionMask = 2147483647;
			files = (
				D80D62AC1E43E5DD00BC30F6 /* CirclePath.swift in Sources */,
				D861915F1E4441EC00A7A82B /* ButtonLoader.swift in Sources */,
				D80D62AE1E43E81400BC30F6 /* Circles.swift in Sources */,
				D80D62B21E43F7D200BC30F6 /* DrawCircle.swift in Sources */,
				D80D62B41E44010F00BC30F6 /* Centipede.swift in Sources */,
				D80D629C1E43E5C100BC30F6 /* ViewController.swift in Sources */,
				D80D629A1E43E5C100BC30F6 /* AppDelegate.swift in Sources */,
			);
			runOnlyForDeploymentPostprocessing = 0;
		};
/* End PBXSourcesBuildPhase section */

/* Begin PBXVariantGroup section */
		D80D629D1E43E5C100BC30F6 /* Main.storyboard */ = {
			isa = PBXVariantGroup;
			children = (
				D80D629E1E43E5C100BC30F6 /* Base */,
			);
			name = Main.storyboard;
			sourceTree = "<group>";
		};
		D80D62A21E43E5C100BC30F6 /* LaunchScreen.storyboard */ = {
			isa = PBXVariantGroup;
			children = (
				D80D62A31E43E5C100BC30F6 /* Base */,
			);
			name = LaunchScreen.storyboard;
			sourceTree = "<group>";
		};
/* End PBXVariantGroup section */

/* Begin XCBuildConfiguration section */
		D80D62A61E43E5C100BC30F6 /* Debug */ = {
			isa = XCBuildConfiguration;
			buildSettings = {
				ALWAYS_SEARCH_USER_PATHS = NO;
				CLANG_ANALYZER_NONNULL = YES;
				CLANG_CXX_LANGUAGE_STANDARD = "gnu++0x";
				CLANG_CXX_LIBRARY = "libc++";
				CLANG_ENABLE_MODULES = YES;
				CLANG_ENABLE_OBJC_ARC = YES;
				CLANG_WARN_BOOL_CONVERSION = YES;
				CLANG_WARN_CONSTANT_CONVERSION = YES;
				CLANG_WARN_DIRECT_OBJC_ISA_USAGE = YES_ERROR;
				CLANG_WARN_DOCUMENTATION_COMMENTS = YES;
				CLANG_WARN_EMPTY_BODY = YES;
				CLANG_WARN_ENUM_CONVERSION = YES;
				CLANG_WARN_INFINITE_RECURSION = YES;
				CLANG_WARN_INT_CONVERSION = YES;
				CLANG_WARN_OBJC_ROOT_CLASS = YES_ERROR;
				CLANG_WARN_SUSPICIOUS_MOVE = YES;
				CLANG_WARN_UNREACHABLE_CODE = YES;
				CLANG_WARN__DUPLICATE_METHOD_MATCH = YES;
				"CODE_SIGN_IDENTITY[sdk=iphoneos*]" = "iPhone Developer";
				COPY_PHASE_STRIP = NO;
				DEBUG_INFORMATION_FORMAT = dwarf;
				ENABLE_STRICT_OBJC_MSGSEND = YES;
				ENABLE_TESTABILITY = YES;
				GCC_C_LANGUAGE_STANDARD = gnu99;
				GCC_DYNAMIC_NO_PIC = NO;
				GCC_NO_COMMON_BLOCKS = YES;
				GCC_OPTIMIZATION_LEVEL = 0;
				GCC_PREPROCESSOR_DEFINITIONS = (
					"DEBUG=1",
					"$(inherited)",
				);
				GCC_WARN_64_TO_32_BIT_CONVERSION = YES;
				GCC_WARN_ABOUT_RETURN_TYPE = YES_ERROR;
				GCC_WARN_UNDECLARED_SELECTOR = YES;
				GCC_WARN_UNINITIALIZED_AUTOS = YES_AGGRESSIVE;
				GCC_WARN_UNUSED_FUNCTION = YES;
				GCC_WARN_UNUSED_VARIABLE = YES;
				IPHONEOS_DEPLOYMENT_TARGET = 10.2;
				MTL_ENABLE_DEBUG_INFO = YES;
				ONLY_ACTIVE_ARCH = YES;
				SDKROOT = iphoneos;
				SWIFT_ACTIVE_COMPILATION_CONDITIONS = DEBUG;
				SWIFT_OPTIMIZATION_LEVEL = "-Onone";
			};
			name = Debug;
		};
		D80D62A71E43E5C100BC30F6 /* Release */ = {
			isa = XCBuildConfiguration;
			buildSettings = {
				ALWAYS_SEARCH_USER_PATHS = NO;
				CLANG_ANALYZER_NONNULL = YES;
				CLANG_CXX_LANGUAGE_STANDARD = "gnu++0x";
				CLANG_CXX_LIBRARY = "libc++";
				CLANG_ENABLE_MODULES = YES;
				CLANG_ENABLE_OBJC_ARC = YES;
				CLANG_WARN_BOOL_CONVERSION = YES;
				CLANG_WARN_CONSTANT_CONVERSION = YES;
				CLANG_WARN_DIRECT_OBJC_ISA_USAGE = YES_ERROR;
				CLANG_WARN_DOCUMENTATION_COMMENTS = YES;
				CLANG_WARN_EMPTY_BODY = YES;
				CLANG_WARN_ENUM_CONVERSION = YES;
				CLANG_WARN_INFINITE_RECURSION = YES;
				CLANG_WARN_INT_CONVERSION = YES;
				CLANG_WARN_OBJC_ROOT_CLASS = YES_ERROR;
				CLANG_WARN_SUSPICIOUS_MOVE = YES;
				CLANG_WARN_UNREACHABLE_CODE = YES;
				CLANG_WARN__DUPLICATE_METHOD_MATCH = YES;
				"CODE_SIGN_IDENTITY[sdk=iphoneos*]" = "iPhone Developer";
				COPY_PHASE_STRIP = NO;
				DEBUG_INFORMATION_FORMAT = "dwarf-with-dsym";
				ENABLE_NS_ASSERTIONS = NO;
				ENABLE_STRICT_OBJC_MSGSEND = YES;
				GCC_C_LANGUAGE_STANDARD = gnu99;
				GCC_NO_COMMON_BLOCKS = YES;
				GCC_WARN_64_TO_32_BIT_CONVERSION = YES;
				GCC_WARN_ABOUT_RETURN_TYPE = YES_ERROR;
				GCC_WARN_UNDECLARED_SELECTOR = YES;
				GCC_WARN_UNINITIALIZED_AUTOS = YES_AGGRESSIVE;
				GCC_WARN_UNUSED_FUNCTION = YES;
				GCC_WARN_UNUSED_VARIABLE = YES;
				IPHONEOS_DEPLOYMENT_TARGET = 10.2;
				MTL_ENABLE_DEBUG_INFO = NO;
				SDKROOT = iphoneos;
				SWIFT_OPTIMIZATION_LEVEL = "-Owholemodule";
				VALIDATE_PRODUCT = YES;
			};
			name = Release;
		};
		D80D62A91E43E5C100BC30F6 /* Debug */ = {
			isa = XCBuildConfiguration;
			buildSettings = {
				ASSETCATALOG_COMPILER_APPICON_NAME = AppIcon;
				DEVELOPMENT_TEAM = 753UQ7TNXJ;
				INFOPLIST_FILE = UIBezierPath/Info.plist;
				LD_RUNPATH_SEARCH_PATHS = "$(inherited) @executable_path/Frameworks";
				PRODUCT_BUNDLE_IDENTIFIER = com.makeschool.UIBezierPath;
				PRODUCT_NAME = "$(TARGET_NAME)";
				SWIFT_VERSION = 3.0;
			};
			name = Debug;
		};
		D80D62AA1E43E5C100BC30F6 /* Release */ = {
			isa = XCBuildConfiguration;
			buildSettings = {
				ASSETCATALOG_COMPILER_APPICON_NAME = AppIcon;
				DEVELOPMENT_TEAM = 753UQ7TNXJ;
				INFOPLIST_FILE = UIBezierPath/Info.plist;
				LD_RUNPATH_SEARCH_PATHS = "$(inherited) @executable_path/Frameworks";
				PRODUCT_BUNDLE_IDENTIFIER = com.makeschool.UIBezierPath;
				PRODUCT_NAME = "$(TARGET_NAME)";
				SWIFT_VERSION = 3.0;
			};
			name = Release;
		};
/* End XCBuildConfiguration section */

/* Begin XCConfigurationList section */
		D80D62911E43E5C000BC30F6 /* Build configuration list for PBXProject "UIBezierPath" */ = {
			isa = XCConfigurationList;
			buildConfigurations = (
				D80D62A61E43E5C100BC30F6 /* Debug */,
				D80D62A71E43E5C100BC30F6 /* Release */,
			);
			defaultConfigurationIsVisible = 0;
			defaultConfigurationName = Release;
		};
		D80D62A81E43E5C100BC30F6 /* Build configuration list for PBXNativeTarget "UIBezierPath" */ = {
			isa = XCConfigurationList;
			buildConfigurations = (
				D80D62A91E43E5C100BC30F6 /* Debug */,
				D80D62AA1E43E5C100BC30F6 /* Release */,
			);
			defaultConfigurationIsVisible = 0;
			defaultConfigurationName = Release;
		};
/* End XCConfigurationList section */
	};
	rootObject = D80D628E1E43E5C000BC30F6 /* Project object */;
}
