// !$*UTF8*$!
{
	archiveVersion = 1;
	classes = {
	};
	objectVersion = 46;
	objects = {

/* Begin PBXBuildFile section */
		D86191931E4660CF00A7A82B /* AppDelegate.swift in Sources */ = {isa = PBXBuildFile; fileRef = D86191921E4660CF00A7A82B /* AppDelegate.swift */; };
		D86191951E4660CF00A7A82B /* ViewController.swift in Sources */ = {isa = PBXBuildFile; fileRef = D86191941E4660CF00A7A82B /* ViewController.swift */; };
		D86191981E4660CF00A7A82B /* Main.storyboard in Resources */ = {isa = PBXBuildFile; fileRef = D86191961E4660CF00A7A82B /* Main.storyboard */; };
		D861919A1E4660CF00A7A82B /* Assets.xcassets in Resources */ = {isa = PBXBuildFile; fileRef = D86191991E4660CF00A7A82B /* Assets.xcassets */; };
		D861919D1E4660CF00A7A82B /* LaunchScreen.storyboard in Resources */ = {isa = PBXBuildFile; fileRef = D861919B1E4660CF00A7A82B /* LaunchScreen.storyboard */; };
		D86191A51E4660DF00A7A82B /* ScrollLayer.swift in Sources */ = {isa = PBXBuildFile; fileRef = D86191A41E4660DF00A7A82B /* ScrollLayer.swift */; };
/* End PBXBuildFile section */

/* Begin PBXFileReference section */
		D861918F1E4660CF00A7A82B /* Scroll-Layer.app */ = {isa = PBXFileReference; explicitFileType = wrapper.application; includeInIndex = 0; path = "Scroll-Layer.app"; sourceTree = BUILT_PRODUCTS_DIR; };
		D86191921E4660CF00A7A82B /* AppDelegate.swift */ = {isa = PBXFileReference; lastKnownFileType = sourcecode.swift; path = AppDelegate.swift; sourceTree = "<group>"; };
		D86191941E4660CF00A7A82B /* ViewController.swift */ = {isa = PBXFileReference; lastKnownFileType = sourcecode.swift; path = ViewController.swift; sourceTree = "<group>"; };
		D86191971E4660CF00A7A82B /* Base */ = {isa = PBXFileReference; lastKnownFileType = file.storyboard; name = Base; path = Base.lproj/Main.storyboard; sourceTree = "<group>"; };
		D86191991E4660CF00A7A82B /* Assets.xcassets */ = {isa = PBXFileReference; lastKnownFileType = folder.assetcatalog; path = Assets.xcassets; sourceTree = "<group>"; };
		D861919C1E4660CF00A7A82B /* Base */ = {isa = PBXFileReference; lastKnownFileType = file.storyboard; name = Base; path = Base.lproj/LaunchScreen.storyboard; sourceTree = "<group>"; };
		D861919E1E4660CF00A7A82B /* Info.plist */ = {isa = PBXFileReference; lastKnownFileType = text.plist.xml; path = Info.plist; sourceTree = "<group>"; };
		D86191A41E4660DF00A7A82B /* ScrollLayer.swift */ = {isa = PBXFileReference; fileEncoding = 4; lastKnownFileType = sourcecode.swift; path = ScrollLayer.swift; sourceTree = "<group>"; };
/* End PBXFileReference section */

/* Begin PBXFrameworksBuildPhase section */
		D861918C1E4660CF00A7A82B /* Frameworks */ = {
			isa = PBXFrameworksBuildPhase;
			buildActionMask = 2147483647;
			files = (
			);
			runOnlyForDeploymentPostprocessing = 0;
		};
/* End PBXFrameworksBuildPhase section */

/* Begin PBXGroup section */
		D86191861E4660CF00A7A82B = {
			isa = PBXGroup;
			children = (
				D86191911E4660CF00A7A82B /* Scroll-Layer */,
				D86191901E4660CF00A7A82B /* Products */,
			);
			sourceTree = "<group>";
		};
		D86191901E4660CF00A7A82B /* Products */ = {
			isa = PBXGroup;
			children = (
				D861918F1E4660CF00A7A82B /* Scroll-Layer.app */,
			);
			name = Products;
			sourceTree = "<group>";
		};
		D86191911E4660CF00A7A82B /* Scroll-Layer */ = {
			isa = PBXGroup;
			children = (
				D86191921E4660CF00A7A82B /* AppDelegate.swift */,
				D86191941E4660CF00A7A82B /* ViewController.swift */,
				D86191961E4660CF00A7A82B /* Main.storyboard */,
				D86191A41E4660DF00A7A82B /* ScrollLayer.swift */,
				D86191991E4660CF00A7A82B /* Assets.xcassets */,
				D861919B1E4660CF00A7A82B /* LaunchScreen.storyboard */,
				D861919E1E4660CF00A7A82B /* Info.plist */,
			);
			path = "Scroll-Layer";
			sourceTree = "<group>";
		};
/* End PBXGroup section */

/* Begin PBXNativeTarget section */
		D861918E1E4660CF00A7A82B /* Scroll-Layer */ = {
			isa = PBXNativeTarget;
			buildConfigurationList = D86191A11E4660CF00A7A82B /* Build configuration list for PBXNativeTarget "Scroll-Layer" */;
			buildPhases = (
				D861918B1E4660CF00A7A82B /* Sources */,
				D861918C1E4660CF00A7A82B /* Frameworks */,
				D861918D1E4660CF00A7A82B /* Resources */,
			);
			buildRules = (
			);
			dependencies = (
			);
			name = "Scroll-Layer";
			productName = "Scroll-Layer";
			productReference = D861918F1E4660CF00A7A82B /* Scroll-Layer.app */;
			productType = "com.apple.product-type.application";
		};
/* End PBXNativeTarget section */

/* Begin PBXProject section */
		D86191871E4660CF00A7A82B /* Project object */ = {
			isa = PBXProject;
			attributes = {
				LastSwiftUpdateCheck = 0820;
				LastUpgradeCheck = 0820;
				ORGANIZATIONNAME = "Mitchell Hudson";
				TargetAttributes = {
					D861918E1E4660CF00A7A82B = {
						CreatedOnToolsVersion = 8.2.1;
						DevelopmentTeam = 753UQ7TNXJ;
						ProvisioningStyle = Automatic;
					};
				};
			};
			buildConfigurationList = D861918A1E4660CF00A7A82B /* Build configuration list for PBXProject "Scroll-Layer" */;
			compatibilityVersion = "Xcode 3.2";
			developmentRegion = English;
			hasScannedForEncodings = 0;
			knownRegions = (
				en,
				Base,
			);
			mainGroup = D86191861E4660CF00A7A82B;
			productRefGroup = D86191901E4660CF00A7A82B /* Products */;
			projectDirPath = "";
			projectRoot = "";
			targets = (
				D861918E1E4660CF00A7A82B /* Scroll-Layer */,
			);
		};
/* End PBXProject section */

/* Begin PBXResourcesBuildPhase section */
		D861918D1E4660CF00A7A82B /* Resources */ = {
			isa = PBXResourcesBuildPhase;
			buildActionMask = 2147483647;
			files = (
				D861919D1E4660CF00A7A82B /* LaunchScreen.storyboard in Resources */,
				D861919A1E4660CF00A7A82B /* Assets.xcassets in Resources */,
				D86191981E4660CF00A7A82B /* Main.storyboard in Resources */,
			);
			runOnlyForDeploymentPostprocessing = 0;
		};
/* End PBXResourcesBuildPhase section */

/* Begin PBXSourcesBuildPhase section */
		D861918B1E4660CF00A7A82B /* Sources */ = {
			isa = PBXSourcesBuildPhase;
			buildActionMask = 2147483647;
			files = (
				D86191951E4660CF00A7A82B /* ViewController.swift in Sources */,
				D86191931E4660CF00A7A82B /* AppDelegate.swift in Sources */,
				D86191A51E4660DF00A7A82B /* ScrollLayer.swift in Sources */,
			);
			runOnlyForDeploymentPostprocessing = 0;
		};
/* End PBXSourcesBuildPhase section */

/* Begin PBXVariantGroup section */
		D86191961E4660CF00A7A82B /* Main.storyboard */ = {
			isa = PBXVariantGroup;
			children = (
				D86191971E4660CF00A7A82B /* Base */,
			);
			name = Main.storyboard;
			sourceTree = "<group>";
		};
		D861919B1E4660CF00A7A82B /* LaunchScreen.storyboard */ = {
			isa = PBXVariantGroup;
			children = (
				D861919C1E4660CF00A7A82B /* Base */,
			);
			name = LaunchScreen.storyboard;
			sourceTree = "<group>";
		};
/* End PBXVariantGroup section */

/* Begin XCBuildConfiguration section */
		D861919F1E4660CF00A7A82B /* Debug */ = {
			isa = XCBuildConfiguration;
			buildSettings = {
				ALWAYS_SEARCH_USER_PATHS = NO;
				CLANG_ANALYZER_NONNULL = YES;
				CLANG_CXX_LANGUAGE_STANDARD = "gnu++0x";
				CLANG_CXX_LIBRARY = "libc++";
				CLANG_ENABLE_MODULES = YES;
				CLANG_ENABLE_OBJC_ARC = YES;
				CLANG_WARN_BOOL_CONVERSION = YES;
				CLANG_WARN_CONSTANT_CONVERSION = YES;
				CLANG_WARN_DIRECT_OBJC_ISA_USAGE = YES_ERROR;
				CLANG_WARN_DOCUMENTATION_COMMENTS = YES;
				CLANG_WARN_EMPTY_BODY = YES;
				CLANG_WARN_ENUM_CONVERSION = YES;
				CLANG_WARN_INFINITE_RECURSION = YES;
				CLANG_WARN_INT_CONVERSION = YES;
				CLANG_WARN_OBJC_ROOT_CLASS = YES_ERROR;
				CLANG_WARN_SUSPICIOUS_MOVE = YES;
				CLANG_WARN_UNREACHABLE_CODE = YES;
				CLANG_WARN__DUPLICATE_METHOD_MATCH = YES;
				"CODE_SIGN_IDENTITY[sdk=iphoneos*]" = "iPhone Developer";
				COPY_PHASE_STRIP = NO;
				DEBUG_INFORMATION_FORMAT = dwarf;
				ENABLE_STRICT_OBJC_MSGSEND = YES;
				ENABLE_TESTABILITY = YES;
				GCC_C_LANGUAGE_STANDARD = gnu99;
				GCC_DYNAMIC_NO_PIC = NO;
				GCC_NO_COMMON_BLOCKS = YES;
				GCC_OPTIMIZATION_LEVEL = 0;
				GCC_PREPROCESSOR_DEFINITIONS = (
					"DEBUG=1",
					"$(inherited)",
				);
				GCC_WARN_64_TO_32_BIT_CONVERSION = YES;
				GCC_WARN_ABOUT_RETURN_TYPE = YES_ERROR;
				GCC_WARN_UNDECLARED_SELECTOR = YES;
				GCC_WARN_UNINITIALIZED_AUTOS = YES_AGGRESSIVE;
				GCC_WARN_UNUSED_FUNCTION = YES;
				GCC_WARN_UNUSED_VARIABLE = YES;
				IPHONEOS_DEPLOYMENT_TARGET = 10.2;
				MTL_ENABLE_DEBUG_INFO = YES;
				ONLY_ACTIVE_ARCH = YES;
				SDKROOT = iphoneos;
				SWIFT_ACTIVE_COMPILATION_CONDITIONS = DEBUG;
				SWIFT_OPTIMIZATION_LEVEL = "-Onone";
			};
			name = Debug;
		};
		D86191A01E4660CF00A7A82B /* Release */ = {
			isa = XCBuildConfiguration;
			buildSettings = {
				ALWAYS_SEARCH_USER_PATHS = NO;
				CLANG_ANALYZER_NONNULL = YES;
				CLANG_CXX_LANGUAGE_STANDARD = "gnu++0x";
				CLANG_CXX_LIBRARY = "libc++";
				CLANG_ENABLE_MODULES = YES;
				CLANG_ENABLE_OBJC_ARC = YES;
				CLANG_WARN_BOOL_CONVERSION = YES;
				CLANG_WARN_CONSTANT_CONVERSION = YES;
				CLANG_WARN_DIRECT_OBJC_ISA_USAGE = YES_ERROR;
				CLANG_WARN_DOCUMENTATION_COMMENTS = YES;
				CLANG_WARN_EMPTY_BODY = YES;
				CLANG_WARN_ENUM_CONVERSION = YES;
				CLANG_WARN_INFINITE_RECURSION = YES;
				CLANG_WARN_INT_CONVERSION = YES;
				CLANG_WARN_OBJC_ROOT_CLASS = YES_ERROR;
				CLANG_WARN_SUSPICIOUS_MOVE = YES;
				CLANG_WARN_UNREACHABLE_CODE = YES;
				CLANG_WARN__DUPLICATE_METHOD_MATCH = YES;
				"CODE_SIGN_IDENTITY[sdk=iphoneos*]" = "iPhone Developer";
				COPY_PHASE_STRIP = NO;
				DEBUG_INFORMATION_FORMAT = "dwarf-with-dsym";
				ENABLE_NS_ASSERTIONS = NO;
				ENABLE_STRICT_OBJC_MSGSEND = YES;
				GCC_C_LANGUAGE_STANDARD = gnu99;
				GCC_NO_COMMON_BLOCKS = YES;
				GCC_WARN_64_TO_32_BIT_CONVERSION = YES;
				GCC_WARN_ABOUT_RETURN_TYPE = YES_ERROR;
				GCC_WARN_UNDECLARED_SELECTOR = YES;
				GCC_WARN_UNINITIALIZED_AUTOS = YES_AGGRESSIVE;
				GCC_WARN_UNUSED_FUNCTION = YES;
				GCC_WARN_UNUSED_VARIABLE = YES;
				IPHONEOS_DEPLOYMENT_TARGET = 10.2;
				MTL_ENABLE_DEBUG_INFO = NO;
				SDKROOT = iphoneos;
				SWIFT_OPTIMIZATION_LEVEL = "-Owholemodule";
				VALIDATE_PRODUCT = YES;
			};
			name = Release;
		};
		D86191A21E4660CF00A7A82B /* Debug */ = {
			isa = XCBuildConfiguration;
			buildSettings = {
				ASSETCATALOG_COMPILER_APPICON_NAME = AppIcon;
				DEVELOPMENT_TEAM = 753UQ7TNXJ;
				INFOPLIST_FILE = "Scroll-Layer/Info.plist";
				LD_RUNPATH_SEARCH_PATHS = "$(inherited) @executable_path/Frameworks";
				PRODUCT_BUNDLE_IDENTIFIER = "com.makeschool.Scroll-Layer";
				PRODUCT_NAME = "$(TARGET_NAME)";
				SWIFT_VERSION = 3.0;
			};
			name = Debug;
		};
		D86191A31E4660CF00A7A82B /* Release */ = {
			isa = XCBuildConfiguration;
			buildSettings = {
				ASSETCATALOG_COMPILER_APPICON_NAME = AppIcon;
				DEVELOPMENT_TEAM = 753UQ7TNXJ;
				INFOPLIST_FILE = "Scroll-Layer/Info.plist";
				LD_RUNPATH_SEARCH_PATHS = "$(inherited) @executable_path/Frameworks";
				PRODUCT_BUNDLE_IDENTIFIER = "com.makeschool.Scroll-Layer";
				PRODUCT_NAME = "$(TARGET_NAME)";
				SWIFT_VERSION = 3.0;
			};
			name = Release;
		};
/* End XCBuildConfiguration section */

/* Begin XCConfigurationList section */
		D861918A1E4660CF00A7A82B /* Build configuration list for PBXProject "Scroll-Layer" */ = {
			isa = XCConfigurationList;
			buildConfigurations = (
				D861919F1E4660CF00A7A82B /* Debug */,
				D86191A01E4660CF00A7A82B /* Release */,
			);
			defaultConfigurationIsVisible = 0;
			defaultConfigurationName = Release;
		};
		D86191A11E4660CF00A7A82B /* Build configuration list for PBXNativeTarget "Scroll-Layer" */ = {
			isa = XCConfigurationList;
			buildConfigurations = (
				D86191A21E4660CF00A7A82B /* Debug */,
				D86191A31E4660CF00A7A82B /* Release */,
			);
			defaultConfigurationIsVisible = 0;
		};
/* End XCConfigurationList section */
	};
	rootObject = D86191871E4660CF00A7A82B /* Project object */;
}
