// !$*UTF8*$!
{
	archiveVersion = 1;
	classes = {
	};
	objectVersion = 46;
	objects = {

/* Begin PBXBuildFile section */
		D89EDF9A1E3AB83300F8EB70 /* AppDelegate.swift in Sources */ = {isa = PBXBuildFile; fileRef = D89EDF991E3AB83300F8EB70 /* AppDelegate.swift */; };
		D89EDF9C1E3AB83300F8EB70 /* ViewController.swift in Sources */ = {isa = PBXBuildFile; fileRef = D89EDF9B1E3AB83300F8EB70 /* ViewController.swift */; };
		D89EDF9F1E3AB83300F8EB70 /* Main.storyboard in Resources */ = {isa = PBXBuildFile; fileRef = D89EDF9D1E3AB83300F8EB70 /* Main.storyboard */; };
		D89EDFA11E3AB83300F8EB70 /* Assets.xcassets in Resources */ = {isa = PBXBuildFile; fileRef = D89EDFA01E3AB83300F8EB70 /* Assets.xcassets */; };
		D89EDFA41E3AB83300F8EB70 /* LaunchScreen.storyboard in Resources */ = {isa = PBXBuildFile; fileRef = D89EDFA21E3AB83300F8EB70 /* LaunchScreen.storyboard */; };
		D89EDFAC1E3AB94800F8EB70 /* Boxy.swift in Sources */ = {isa = PBXBuildFile; fileRef = D89EDFAB1E3AB94800F8EB70 /* Boxy.swift */; };
		D89EDFAE1E3ABADF00F8EB70 /* BoxyButton.swift in Sources */ = {isa = PBXBuildFile; fileRef = D89EDFAD1E3ABADF00F8EB70 /* BoxyButton.swift */; };
/* End PBXBuildFile section */

/* Begin PBXFileReference section */
		D89EDF961E3AB83300F8EB70 /* AddTarget.app */ = {isa = PBXFileReference; explicitFileType = wrapper.application; includeInIndex = 0; path = AddTarget.app; sourceTree = BUILT_PRODUCTS_DIR; };
		D89EDF991E3AB83300F8EB70 /* AppDelegate.swift */ = {isa = PBXFileReference; lastKnownFileType = sourcecode.swift; path = AppDelegate.swift; sourceTree = "<group>"; };
		D89EDF9B1E3AB83300F8EB70 /* ViewController.swift */ = {isa = PBXFileReference; lastKnownFileType = sourcecode.swift; path = ViewController.swift; sourceTree = "<group>"; };
		D89EDF9E1E3AB83300F8EB70 /* Base */ = {isa = PBXFileReference; lastKnownFileType = file.storyboard; name = Base; path = Base.lproj/Main.storyboard; sourceTree = "<group>"; };
		D89EDFA01E3AB83300F8EB70 /* Assets.xcassets */ = {isa = PBXFileReference; lastKnownFileType = folder.assetcatalog; path = Assets.xcassets; sourceTree = "<group>"; };
		D89EDFA31E3AB83300F8EB70 /* Base */ = {isa = PBXFileReference; lastKnownFileType = file.storyboard; name = Base; path = Base.lproj/LaunchScreen.storyboard; sourceTree = "<group>"; };
		D89EDFA51E3AB83300F8EB70 /* Info.plist */ = {isa = PBXFileReference; lastKnownFileType = text.plist.xml; path = Info.plist; sourceTree = "<group>"; };
		D89EDFAB1E3AB94800F8EB70 /* Boxy.swift */ = {isa = PBXFileReference; fileEncoding = 4; lastKnownFileType = sourcecode.swift; path = Boxy.swift; sourceTree = "<group>"; };
		D89EDFAD1E3ABADF00F8EB70 /* BoxyButton.swift */ = {isa = PBXFileReference; fileEncoding = 4; lastKnownFileType = sourcecode.swift; path = BoxyButton.swift; sourceTree = "<group>"; };
/* End PBXFileReference section */

/* Begin PBXFrameworksBuildPhase section */
		D89EDF931E3AB83300F8EB70 /* Frameworks */ = {
			isa = PBXFrameworksBuildPhase;
			buildActionMask = 2147483647;
			files = (
			);
			runOnlyForDeploymentPostprocessing = 0;
		};
/* End PBXFrameworksBuildPhase section */

/* Begin PBXGroup section */
		D89EDF8D1E3AB83300F8EB70 = {
			isa = PBXGroup;
			children = (
				D89EDF981E3AB83300F8EB70 /* AddTarget */,
				D89EDF971E3AB83300F8EB70 /* Products */,
			);
			sourceTree = "<group>";
		};
		D89EDF971E3AB83300F8EB70 /* Products */ = {
			isa = PBXGroup;
			children = (
				D89EDF961E3AB83300F8EB70 /* AddTarget.app */,
			);
			name = Products;
			sourceTree = "<group>";
		};
		D89EDF981E3AB83300F8EB70 /* AddTarget */ = {
			isa = PBXGroup;
			children = (
				D89EDF991E3AB83300F8EB70 /* AppDelegate.swift */,
				D89EDF9B1E3AB83300F8EB70 /* ViewController.swift */,
				D89EDFAB1E3AB94800F8EB70 /* Boxy.swift */,
				D89EDFAD1E3ABADF00F8EB70 /* BoxyButton.swift */,
				D89EDF9D1E3AB83300F8EB70 /* Main.storyboard */,
				D89EDFA01E3AB83300F8EB70 /* Assets.xcassets */,
				D89EDFA21E3AB83300F8EB70 /* LaunchScreen.storyboard */,
				D89EDFA51E3AB83300F8EB70 /* Info.plist */,
			);
			path = AddTarget;
			sourceTree = "<group>";
		};
/* End PBXGroup section */

/* Begin PBXNativeTarget section */
		D89EDF951E3AB83300F8EB70 /* AddTarget */ = {
			isa = PBXNativeTarget;
			buildConfigurationList = D89EDFA81E3AB83300F8EB70 /* Build configuration list for PBXNativeTarget "AddTarget" */;
			buildPhases = (
				D89EDF921E3AB83300F8EB70 /* Sources */,
				D89EDF931E3AB83300F8EB70 /* Frameworks */,
				D89EDF941E3AB83300F8EB70 /* Resources */,
			);
			buildRules = (
			);
			dependencies = (
			);
			name = AddTarget;
			productName = AddTarget;
			productReference = D89EDF961E3AB83300F8EB70 /* AddTarget.app */;
			productType = "com.apple.product-type.application";
		};
/* End PBXNativeTarget section */

/* Begin PBXProject section */
		D89EDF8E1E3AB83300F8EB70 /* Project object */ = {
			isa = PBXProject;
			attributes = {
				LastSwiftUpdateCheck = 0820;
				LastUpgradeCheck = 0820;
				ORGANIZATIONNAME = "Mitchell Hudson";
				TargetAttributes = {
					D89EDF951E3AB83300F8EB70 = {
						CreatedOnToolsVersion = 8.2.1;
						DevelopmentTeam = 753UQ7TNXJ;
						ProvisioningStyle = Automatic;
					};
				};
			};
			buildConfigurationList = D89EDF911E3AB83300F8EB70 /* Build configuration list for PBXProject "AddTarget" */;
			compatibilityVersion = "Xcode 3.2";
			developmentRegion = English;
			hasScannedForEncodings = 0;
			knownRegions = (
				en,
				Base,
			);
			mainGroup = D89EDF8D1E3AB83300F8EB70;
			productRefGroup = D89EDF971E3AB83300F8EB70 /* Products */;
			projectDirPath = "";
			projectRoot = "";
			targets = (
				D89EDF951E3AB83300F8EB70 /* AddTarget */,
			);
		};
/* End PBXProject section */

/* Begin PBXResourcesBuildPhase section */
		D89EDF941E3AB83300F8EB70 /* Resources */ = {
			isa = PBXResourcesBuildPhase;
			buildActionMask = 2147483647;
			files = (
				D89EDFA41E3AB83300F8EB70 /* LaunchScreen.storyboard in Resources */,
				D89EDFA11E3AB83300F8EB70 /* Assets.xcassets in Resources */,
				D89EDF9F1E3AB83300F8EB70 /* Main.storyboard in Resources */,
			);
			runOnlyForDeploymentPostprocessing = 0;
		};
/* End PBXResourcesBuildPhase section */

/* Begin PBXSourcesBuildPhase section */
		D89EDF921E3AB83300F8EB70 /* Sources */ = {
			isa = PBXSourcesBuildPhase;
			buildActionMask = 2147483647;
			files = (
				D89EDF9C1E3AB83300F8EB70 /* ViewController.swift in Sources */,
				D89EDFAE1E3ABADF00F8EB70 /* BoxyButton.swift in Sources */,
				D89EDF9A1E3AB83300F8EB70 /* AppDelegate.swift in Sources */,
				D89EDFAC1E3AB94800F8EB70 /* Boxy.swift in Sources */,
			);
			runOnlyForDeploymentPostprocessing = 0;
		};
/* End PBXSourcesBuildPhase section */

/* Begin PBXVariantGroup section */
		D89EDF9D1E3AB83300F8EB70 /* Main.storyboard */ = {
			isa = PBXVariantGroup;
			children = (
				D89EDF9E1E3AB83300F8EB70 /* Base */,
			);
			name = Main.storyboard;
			sourceTree = "<group>";
		};
		D89EDFA21E3AB83300F8EB70 /* LaunchScreen.storyboard */ = {
			isa = PBXVariantGroup;
			children = (
				D89EDFA31E3AB83300F8EB70 /* Base */,
			);
			name = LaunchScreen.storyboard;
			sourceTree = "<group>";
		};
/* End PBXVariantGroup section */

/* Begin XCBuildConfiguration section */
		D89EDFA61E3AB83300F8EB70 /* Debug */ = {
			isa = XCBuildConfiguration;
			buildSettings = {
				ALWAYS_SEARCH_USER_PATHS = NO;
				CLANG_ANALYZER_NONNULL = YES;
				CLANG_CXX_LANGUAGE_STANDARD = "gnu++0x";
				CLANG_CXX_LIBRARY = "libc++";
				CLANG_ENABLE_MODULES = YES;
				CLANG_ENABLE_OBJC_ARC = YES;
				CLANG_WARN_BOOL_CONVERSION = YES;
				CLANG_WARN_CONSTANT_CONVERSION = YES;
				CLANG_WARN_DIRECT_OBJC_ISA_USAGE = YES_ERROR;
				CLANG_WARN_DOCUMENTATION_COMMENTS = YES;
				CLANG_WARN_EMPTY_BODY = YES;
				CLANG_WARN_ENUM_CONVERSION = YES;
				CLANG_WARN_INFINITE_RECURSION = YES;
				CLANG_WARN_INT_CONVERSION = YES;
				CLANG_WARN_OBJC_ROOT_CLASS = YES_ERROR;
				CLANG_WARN_SUSPICIOUS_MOVE = YES;
				CLANG_WARN_UNREACHABLE_CODE = YES;
				CLANG_WARN__DUPLICATE_METHOD_MATCH = YES;
				"CODE_SIGN_IDENTITY[sdk=iphoneos*]" = "iPhone Developer";
				COPY_PHASE_STRIP = NO;
				DEBUG_INFORMATION_FORMAT = dwarf;
				ENABLE_STRICT_OBJC_MSGSEND = YES;
				ENABLE_TESTABILITY = YES;
				GCC_C_LANGUAGE_STANDARD = gnu99;
				GCC_DYNAMIC_NO_PIC = NO;
				GCC_NO_COMMON_BLOCKS = YES;
				GCC_OPTIMIZATION_LEVEL = 0;
				GCC_PREPROCESSOR_DEFINITIONS = (
					"DEBUG=1",
					"$(inherited)",
				);
				GCC_WARN_64_TO_32_BIT_CONVERSION = YES;
				GCC_WARN_ABOUT_RETURN_TYPE = YES_ERROR;
				GCC_WARN_UNDECLARED_SELECTOR = YES;
				GCC_WARN_UNINITIALIZED_AUTOS = YES_AGGRESSIVE;
				GCC_WARN_UNUSED_FUNCTION = YES;
				GCC_WARN_UNUSED_VARIABLE = YES;
				IPHONEOS_DEPLOYMENT_TARGET = 10.2;
				MTL_ENABLE_DEBUG_INFO = YES;
				ONLY_ACTIVE_ARCH = YES;
				SDKROOT = iphoneos;
				SWIFT_ACTIVE_COMPILATION_CONDITIONS = DEBUG;
				SWIFT_OPTIMIZATION_LEVEL = "-Onone";
			};
			name = Debug;
		};
		D89EDFA71E3AB83300F8EB70 /* Release */ = {
			isa = XCBuildConfiguration;
			buildSettings = {
				ALWAYS_SEARCH_USER_PATHS = NO;
				CLANG_ANALYZER_NONNULL = YES;
				CLANG_CXX_LANGUAGE_STANDARD = "gnu++0x";
				CLANG_CXX_LIBRARY = "libc++";
				CLANG_ENABLE_MODULES = YES;
				CLANG_ENABLE_OBJC_ARC = YES;
				CLANG_WARN_BOOL_CONVERSION = YES;
				CLANG_WARN_CONSTANT_CONVERSION = YES;
				CLANG_WARN_DIRECT_OBJC_ISA_USAGE = YES_ERROR;
				CLANG_WARN_DOCUMENTATION_COMMENTS = YES;
				CLANG_WARN_EMPTY_BODY = YES;
				CLANG_WARN_ENUM_CONVERSION = YES;
				CLANG_WARN_INFINITE_RECURSION = YES;
				CLANG_WARN_INT_CONVERSION = YES;
				CLANG_WARN_OBJC_ROOT_CLASS = YES_ERROR;
				CLANG_WARN_SUSPICIOUS_MOVE = YES;
				CLANG_WARN_UNREACHABLE_CODE = YES;
				CLANG_WARN__DUPLICATE_METHOD_MATCH = YES;
				"CODE_SIGN_IDENTITY[sdk=iphoneos*]" = "iPhone Developer";
				COPY_PHASE_STRIP = NO;
				DEBUG_INFORMATION_FORMAT = "dwarf-with-dsym";
				ENABLE_NS_ASSERTIONS = NO;
				ENABLE_STRICT_OBJC_MSGSEND = YES;
				GCC_C_LANGUAGE_STANDARD = gnu99;
				GCC_NO_COMMON_BLOCKS = YES;
				GCC_WARN_64_TO_32_BIT_CONVERSION = YES;
				GCC_WARN_ABOUT_RETURN_TYPE = YES_ERROR;
				GCC_WARN_UNDECLARED_SELECTOR = YES;
				GCC_WARN_UNINITIALIZED_AUTOS = YES_AGGRESSIVE;
				GCC_WARN_UNUSED_FUNCTION = YES;
				GCC_WARN_UNUSED_VARIABLE = YES;
				IPHONEOS_DEPLOYMENT_TARGET = 10.2;
				MTL_ENABLE_DEBUG_INFO = NO;
				SDKROOT = iphoneos;
				SWIFT_OPTIMIZATION_LEVEL = "-Owholemodule";
				VALIDATE_PRODUCT = YES;
			};
			name = Release;
		};
		D89EDFA91E3AB83300F8EB70 /* Debug */ = {
			isa = XCBuildConfiguration;
			buildSettings = {
				ASSETCATALOG_COMPILER_APPICON_NAME = AppIcon;
				DEVELOPMENT_TEAM = 753UQ7TNXJ;
				INFOPLIST_FILE = AddTarget/Info.plist;
				LD_RUNPATH_SEARCH_PATHS = "$(inherited) @executable_path/Frameworks";
				PRODUCT_BUNDLE_IDENTIFIER = com.makeschool.AddTarget;
				PRODUCT_NAME = "$(TARGET_NAME)";
				SWIFT_VERSION = 3.0;
			};
			name = Debug;
		};
		D89EDFAA1E3AB83300F8EB70 /* Release */ = {
			isa = XCBuildConfiguration;
			buildSettings = {
				ASSETCATALOG_COMPILER_APPICON_NAME = AppIcon;
				DEVELOPMENT_TEAM = 753UQ7TNXJ;
				INFOPLIST_FILE = AddTarget/Info.plist;
				LD_RUNPATH_SEARCH_PATHS = "$(inherited) @executable_path/Frameworks";
				PRODUCT_BUNDLE_IDENTIFIER = com.makeschool.AddTarget;
				PRODUCT_NAME = "$(TARGET_NAME)";
				SWIFT_VERSION = 3.0;
			};
			name = Release;
		};
/* End XCBuildConfiguration section */

/* Begin XCConfigurationList section */
		D89EDF911E3AB83300F8EB70 /* Build configuration list for PBXProject "AddTarget" */ = {
			isa = XCConfigurationList;
			buildConfigurations = (
				D89EDFA61E3AB83300F8EB70 /* Debug */,
				D89EDFA71E3AB83300F8EB70 /* Release */,
			);
			defaultConfigurationIsVisible = 0;
			defaultConfigurationName = Release;
		};
		D89EDFA81E3AB83300F8EB70 /* Build configuration list for PBXNativeTarget "AddTarget" */ = {
			isa = XCConfigurationList;
			buildConfigurations = (
				D89EDFA91E3AB83300F8EB70 /* Debug */,
				D89EDFAA1E3AB83300F8EB70 /* Release */,
			);
			defaultConfigurationIsVisible = 0;
		};
/* End XCConfigurationList section */
	};
	rootObject = D89EDF8E1E3AB83300F8EB70 /* Project object */;
}
